
Microsoft Visual Studio Solution File, Format Version 12.00
# Visual Studio Version 17
VisualStudioVersion = 17.8.34330.188
MinimumVisualStudioVersion = 10.0.40219.1
Project("{FAE04EC0-301F-11D3-BF4B-00C04F79EFBC}") = "c#winform", "c#winform.csproj", "{453DD313-9B08-4DC6-B65E-AAE049E0B785}"
EndProject
Global
	GlobalSection(SolutionConfigurationPlatforms) = preSolution
		Debug|Any CPU = Debug|Any CPU
		Release|Any CPU = Release|Any CPU
	EndGlobalSection
	GlobalSection(ProjectConfigurationPlatforms) = postSolution
		{453DD313-9B08-4DC6-B65E-AAE049E0B785}.Debug|Any CPU.ActiveCfg = Debug|Any CPU
		{453DD313-9B08-4DC6-B65E-AAE049E0B785}.Debug|Any CPU.Build.0 = Debug|Any CPU
		{453DD313-9B08-4DC6-B65E-AAE049E0B785}.Release|Any CPU.ActiveCfg = Release|Any CPU
		{453DD313-9B08-4DC6-B65E-AAE049E0B785}.Release|Any CPU.Build.0 = Release|Any CPU
	EndGlobalSection
	GlobalSection(SolutionProperties) = preSolution
		HideSolutionNode = FALSE
	EndGlobalSection
	GlobalSection(ExtensibilityGlobals) = postSolution
		SolutionGuid = {73348231-D8C5-4A07-8D98-0311CCBA0734}
	EndGlobalSection
EndGlobal
